// !$*UTF8*$!
{
	archiveVersion = 1;
	classes = {
	};
	objectVersion = 56;
	objects = {

/* Begin PBXBuildFile section */
		244D50782BC4D17B003E5CBA /* DontSnoozeApp.swift in Sources */ = {isa = PBXBuildFile; fileRef = 244D50772BC4D17B003E5CBA /* DontSnoozeApp.swift */; };
		244D507A2BC4D17B003E5CBA /* ContentView.swift in Sources */ = {isa = PBXBuildFile; fileRef = 244D50792BC4D17B003E5CBA /* ContentView.swift */; };
		244D507C2BC4D17C003E5CBA /* Assets.xcassets in Resources */ = {isa = PBXBuildFile; fileRef = 244D507B2BC4D17C003E5CBA /* Assets.xcassets */; };
		244D507F2BC4D17C003E5CBA /* Preview Assets.xcassets in Resources */ = {isa = PBXBuildFile; fileRef = 244D507E2BC4D17C003E5CBA /* Preview Assets.xcassets */; };
		244D50A82BC4D728003E5CBA /* Assets.xcassets in Resources */ = {isa = PBXBuildFile; fileRef = 244D50A72BC4D728003E5CBA /* Assets.xcassets */; };
		244D50AB2BC4D728003E5CBA /* Preview Assets.xcassets in Resources */ = {isa = PBXBuildFile; fileRef = 244D50AA2BC4D728003E5CBA /* Preview Assets.xcassets */; };
		244D50AE2BC4D728003E5CBA /* DontSnoozeWatch Watch App.app in Embed Watch Content */ = {isa = PBXBuildFile; fileRef = 244D50A12BC4D727003E5CBA /* DontSnoozeWatch Watch App.app */; settings = {ATTRIBUTES = (RemoveHeadersOnCopy, ); }; };
		244D50B22BC4D94D003E5CBA /* ContentView.swift in Sources */ = {isa = PBXBuildFile; fileRef = 244D50792BC4D17B003E5CBA /* ContentView.swift */; };
		244D50B32BC4D94D003E5CBA /* DontSnoozeApp.swift in Sources */ = {isa = PBXBuildFile; fileRef = 244D50772BC4D17B003E5CBA /* DontSnoozeApp.swift */; };
		244D50B52BC4D984003E5CBA /* NearbyInteractionManager.swift in Sources */ = {isa = PBXBuildFile; fileRef = 244D50B42BC4D984003E5CBA /* NearbyInteractionManager.swift */; };
		244D50B62BC4D984003E5CBA /* NearbyInteractionManager.swift in Sources */ = {isa = PBXBuildFile; fileRef = 244D50B42BC4D984003E5CBA /* NearbyInteractionManager.swift */; };
		244D50B82BC4D9FA003E5CBA /* Helper.swift in Sources */ = {isa = PBXBuildFile; fileRef = 244D50B72BC4D9FA003E5CBA /* Helper.swift */; };
		244D50B92BC4D9FA003E5CBA /* Helper.swift in Sources */ = {isa = PBXBuildFile; fileRef = 244D50B72BC4D9FA003E5CBA /* Helper.swift */; };
		244D50BD2BC61BC8003E5CBA /* BluetoothManager.swift in Sources */ = {isa = PBXBuildFile; fileRef = 244D50BC2BC61BC8003E5CBA /* BluetoothManager.swift */; };
		244D50BE2BC61BC8003E5CBA /* BluetoothManager.swift in Sources */ = {isa = PBXBuildFile; fileRef = 244D50BC2BC61BC8003E5CBA /* BluetoothManager.swift */; };
/* End PBXBuildFile section */

/* Begin PBXContainerItemProxy section */
		244D50AC2BC4D728003E5CBA /* PBXContainerItemProxy */ = {
			isa = PBXContainerItemProxy;
			containerPortal = 244D506C2BC4D17B003E5CBA /* Project object */;
			proxyType = 1;
			remoteGlobalIDString = 244D50A02BC4D727003E5CBA;
			remoteInfo = "DontSnoozeWatch Watch App";
		};
/* End PBXContainerItemProxy section */

/* Begin PBXCopyFilesBuildPhase section */
		244D509A2BC4D20B003E5CBA /* Embed Watch Content */ = {
			isa = PBXCopyFilesBuildPhase;
			buildActionMask = 2147483647;
			dstPath = "$(CONTENTS_FOLDER_PATH)/Watch";
			dstSubfolderSpec = 16;
			files = (
				244D50AE2BC4D728003E5CBA /* DontSnoozeWatch Watch App.app in Embed Watch Content */,
			);
			name = "Embed Watch Content";
			runOnlyForDeploymentPostprocessing = 0;
		};
/* End PBXCopyFilesBuildPhase section */

/* Begin PBXFileReference section */
		244D50742BC4D17B003E5CBA /* DontSnooze.app */ = {isa = PBXFileReference; explicitFileType = wrapper.application; includeInIndex = 0; path = DontSnooze.app; sourceTree = BUILT_PRODUCTS_DIR; };
		244D50772BC4D17B003E5CBA /* DontSnoozeApp.swift */ = {isa = PBXFileReference; lastKnownFileType = sourcecode.swift; path = DontSnoozeApp.swift; sourceTree = "<group>"; };
		244D50792BC4D17B003E5CBA /* ContentView.swift */ = {isa = PBXFileReference; lastKnownFileType = sourcecode.swift; path = ContentView.swift; sourceTree = "<group>"; };
		244D507B2BC4D17C003E5CBA /* Assets.xcassets */ = {isa = PBXFileReference; lastKnownFileType = folder.assetcatalog; path = Assets.xcassets; sourceTree = "<group>"; };
		244D507E2BC4D17C003E5CBA /* Preview Assets.xcassets */ = {isa = PBXFileReference; lastKnownFileType = folder.assetcatalog; path = "Preview Assets.xcassets"; sourceTree = "<group>"; };
		244D50A12BC4D727003E5CBA /* DontSnoozeWatch Watch App.app */ = {isa = PBXFileReference; explicitFileType = wrapper.application; includeInIndex = 0; path = "DontSnoozeWatch Watch App.app"; sourceTree = BUILT_PRODUCTS_DIR; };
		244D50A72BC4D728003E5CBA /* Assets.xcassets */ = {isa = PBXFileReference; lastKnownFileType = folder.assetcatalog; path = Assets.xcassets; sourceTree = "<group>"; };
		244D50AA2BC4D728003E5CBA /* Preview Assets.xcassets */ = {isa = PBXFileReference; lastKnownFileType = folder.assetcatalog; path = "Preview Assets.xcassets"; sourceTree = "<group>"; };
		244D50B42BC4D984003E5CBA /* NearbyInteractionManager.swift */ = {isa = PBXFileReference; lastKnownFileType = sourcecode.swift; path = NearbyInteractionManager.swift; sourceTree = "<group>"; };
		244D50B72BC4D9FA003E5CBA /* Helper.swift */ = {isa = PBXFileReference; lastKnownFileType = sourcecode.swift; path = Helper.swift; sourceTree = "<group>"; };
		244D50BA2BC5D41D003E5CBA /* Info.plist */ = {isa = PBXFileReference; lastKnownFileType = text.plist; path = Info.plist; sourceTree = "<group>"; };
		244D50BB2BC5D429003E5CBA /* DontSnoozeWatch-Watch-App-Info.plist */ = {isa = PBXFileReference; lastKnownFileType = text.plist; path = "DontSnoozeWatch-Watch-App-Info.plist"; sourceTree = SOURCE_ROOT; };
		244D50BC2BC61BC8003E5CBA /* BluetoothManager.swift */ = {isa = PBXFileReference; lastKnownFileType = sourcecode.swift; path = BluetoothManager.swift; sourceTree = "<group>"; };
/* End PBXFileReference section */

/* Begin PBXFrameworksBuildPhase section */
		244D50712BC4D17B003E5CBA /* Frameworks */ = {
			isa = PBXFrameworksBuildPhase;
			buildActionMask = 2147483647;
			files = (
			);
			runOnlyForDeploymentPostprocessing = 0;
		};
		244D509E2BC4D727003E5CBA /* Frameworks */ = {
			isa = PBXFrameworksBuildPhase;
			buildActionMask = 2147483647;
			files = (
			);
			runOnlyForDeploymentPostprocessing = 0;
		};
/* End PBXFrameworksBuildPhase section */

/* Begin PBXGroup section */
		244D506B2BC4D17B003E5CBA = {
			isa = PBXGroup;
			children = (
				244D50762BC4D17B003E5CBA /* DontSnooze */,
				244D50A22BC4D727003E5CBA /* DontSnoozeWatch Watch App */,
				244D50752BC4D17B003E5CBA /* Products */,
			);
			sourceTree = "<group>";
		};
		244D50752BC4D17B003E5CBA /* Products */ = {
			isa = PBXGroup;
			children = (
				244D50742BC4D17B003E5CBA /* DontSnooze.app */,
				244D50A12BC4D727003E5CBA /* DontSnoozeWatch Watch App.app */,
			);
			name = Products;
			sourceTree = "<group>";
		};
		244D50762BC4D17B003E5CBA /* DontSnooze */ = {
			isa = PBXGroup;
			children = (
				244D50BA2BC5D41D003E5CBA /* Info.plist */,
				244D50772BC4D17B003E5CBA /* DontSnoozeApp.swift */,
				244D50792BC4D17B003E5CBA /* ContentView.swift */,
				244D50B42BC4D984003E5CBA /* NearbyInteractionManager.swift */,
				244D50BC2BC61BC8003E5CBA /* BluetoothManager.swift */,
				244D507B2BC4D17C003E5CBA /* Assets.xcassets */,
				244D507D2BC4D17C003E5CBA /* Preview Content */,
				244D50B72BC4D9FA003E5CBA /* Helper.swift */,
			);
			path = DontSnooze;
			sourceTree = "<group>";
		};
		244D507D2BC4D17C003E5CBA /* Preview Content */ = {
			isa = PBXGroup;
			children = (
				244D507E2BC4D17C003E5CBA /* Preview Assets.xcassets */,
			);
			path = "Preview Content";
			sourceTree = "<group>";
		};
		244D50A22BC4D727003E5CBA /* DontSnoozeWatch Watch App */ = {
			isa = PBXGroup;
			children = (
				244D50BB2BC5D429003E5CBA /* DontSnoozeWatch-Watch-App-Info.plist */,
				244D50A72BC4D728003E5CBA /* Assets.xcassets */,
				244D50A92BC4D728003E5CBA /* Preview Content */,
			);
			path = "DontSnoozeWatch Watch App";
			sourceTree = "<group>";
		};
		244D50A92BC4D728003E5CBA /* Preview Content */ = {
			isa = PBXGroup;
			children = (
				244D50AA2BC4D728003E5CBA /* Preview Assets.xcassets */,
			);
			path = "Preview Content";
			sourceTree = "<group>";
		};
/* End PBXGroup section */

/* Begin PBXNativeTarget section */
		244D50732BC4D17B003E5CBA /* DontSnooze */ = {
			isa = PBXNativeTarget;
			buildConfigurationList = 244D50822BC4D17C003E5CBA /* Build configuration list for PBXNativeTarget "DontSnooze" */;
			buildPhases = (
				244D50702BC4D17B003E5CBA /* Sources */,
				244D50712BC4D17B003E5CBA /* Frameworks */,
				244D50722BC4D17B003E5CBA /* Resources */,
				244D509A2BC4D20B003E5CBA /* Embed Watch Content */,
			);
			buildRules = (
			);
			dependencies = (
				244D50AD2BC4D728003E5CBA /* PBXTargetDependency */,
			);
			name = DontSnooze;
			productName = DontSnooze;
			productReference = 244D50742BC4D17B003E5CBA /* DontSnooze.app */;
			productType = "com.apple.product-type.application";
		};
		244D50A02BC4D727003E5CBA /* DontSnoozeWatch Watch App */ = {
			isa = PBXNativeTarget;
			buildConfigurationList = 244D50B12BC4D728003E5CBA /* Build configuration list for PBXNativeTarget "DontSnoozeWatch Watch App" */;
			buildPhases = (
				244D509D2BC4D727003E5CBA /* Sources */,
				244D509E2BC4D727003E5CBA /* Frameworks */,
				244D509F2BC4D727003E5CBA /* Resources */,
			);
			buildRules = (
			);
			dependencies = (
			);
			name = "DontSnoozeWatch Watch App";
			productName = "DontSnoozeWatch Watch App";
			productReference = 244D50A12BC4D727003E5CBA /* DontSnoozeWatch Watch App.app */;
			productType = "com.apple.product-type.application";
		};
/* End PBXNativeTarget section */

/* Begin PBXProject section */
		244D506C2BC4D17B003E5CBA /* Project object */ = {
			isa = PBXProject;
			attributes = {
				BuildIndependentTargetsInParallel = 1;
				LastSwiftUpdateCheck = 1510;
				LastUpgradeCheck = 1510;
				TargetAttributes = {
					244D50732BC4D17B003E5CBA = {
						CreatedOnToolsVersion = 15.1;
					};
					244D50A02BC4D727003E5CBA = {
						CreatedOnToolsVersion = 15.1;
					};
				};
			};
			buildConfigurationList = 244D506F2BC4D17B003E5CBA /* Build configuration list for PBXProject "DontSnooze" */;
			compatibilityVersion = "Xcode 14.0";
			developmentRegion = en;
			hasScannedForEncodings = 0;
			knownRegions = (
				en,
				Base,
			);
			mainGroup = 244D506B2BC4D17B003E5CBA;
			productRefGroup = 244D50752BC4D17B003E5CBA /* Products */;
			projectDirPath = "";
			projectRoot = "";
			targets = (
				244D50732BC4D17B003E5CBA /* DontSnooze */,
				244D50A02BC4D727003E5CBA /* DontSnoozeWatch Watch App */,
			);
		};
/* End PBXProject section */

/* Begin PBXResourcesBuildPhase section */
		244D50722BC4D17B003E5CBA /* Resources */ = {
			isa = PBXResourcesBuildPhase;
			buildActionMask = 2147483647;
			files = (
				244D507F2BC4D17C003E5CBA /* Preview Assets.xcassets in Resources */,
				244D507C2BC4D17C003E5CBA /* Assets.xcassets in Resources */,
			);
			runOnlyForDeploymentPostprocessing = 0;
		};
		244D509F2BC4D727003E5CBA /* Resources */ = {
			isa = PBXResourcesBuildPhase;
			buildActionMask = 2147483647;
			files = (
				244D50AB2BC4D728003E5CBA /* Preview Assets.xcassets in Resources */,
				244D50A82BC4D728003E5CBA /* Assets.xcassets in Resources */,
			);
			runOnlyForDeploymentPostprocessing = 0;
		};
/* End PBXResourcesBuildPhase section */

/* Begin PBXSourcesBuildPhase section */
		244D50702BC4D17B003E5CBA /* Sources */ = {
			isa = PBXSourcesBuildPhase;
			buildActionMask = 2147483647;
			files = (
				244D507A2BC4D17B003E5CBA /* ContentView.swift in Sources */,
				244D50B52BC4D984003E5CBA /* NearbyInteractionManager.swift in Sources */,
				244D50782BC4D17B003E5CBA /* DontSnoozeApp.swift in Sources */,
				244D50B82BC4D9FA003E5CBA /* Helper.swift in Sources */,
				244D50BD2BC61BC8003E5CBA /* BluetoothManager.swift in Sources */,
			);
			runOnlyForDeploymentPostprocessing = 0;
		};
		244D509D2BC4D727003E5CBA /* Sources */ = {
			isa = PBXSourcesBuildPhase;
			buildActionMask = 2147483647;
			files = (
				244D50B32BC4D94D003E5CBA /* DontSnoozeApp.swift in Sources */,
				244D50B62BC4D984003E5CBA /* NearbyInteractionManager.swift in Sources */,
				244D50B22BC4D94D003E5CBA /* ContentView.swift in Sources */,
				244D50B92BC4D9FA003E5CBA /* Helper.swift in Sources */,
				244D50BE2BC61BC8003E5CBA /* BluetoothManager.swift in Sources */,
			);
			runOnlyForDeploymentPostprocessing = 0;
		};
/* End PBXSourcesBuildPhase section */

/* Begin PBXTargetDependency section */
		244D50AD2BC4D728003E5CBA /* PBXTargetDependency */ = {
			isa = PBXTargetDependency;
			target = 244D50A02BC4D727003E5CBA /* DontSnoozeWatch Watch App */;
			targetProxy = 244D50AC2BC4D728003E5CBA /* PBXContainerItemProxy */;
		};
/* End PBXTargetDependency section */

/* Begin XCBuildConfiguration section */
		244D50802BC4D17C003E5CBA /* Debug */ = {
			isa = XCBuildConfiguration;
			buildSettings = {
				ALWAYS_SEARCH_USER_PATHS = NO;
				ASSETCATALOG_COMPILER_GENERATE_SWIFT_ASSET_SYMBOL_EXTENSIONS = YES;
				CLANG_ANALYZER_NONNULL = YES;
				CLANG_ANALYZER_NUMBER_OBJECT_CONVERSION = YES_AGGRESSIVE;
				CLANG_CXX_LANGUAGE_STANDARD = "gnu++20";
				CLANG_ENABLE_MODULES = YES;
				CLANG_ENABLE_OBJC_ARC = YES;
				CLANG_ENABLE_OBJC_WEAK = YES;
				CLANG_WARN_BLOCK_CAPTURE_AUTORELEASING = YES;
				CLANG_WARN_BOOL_CONVERSION = YES;
				CLANG_WARN_COMMA = YES;
				CLANG_WARN_CONSTANT_CONVERSION = YES;
				CLANG_WARN_DEPRECATED_OBJC_IMPLEMENTATIONS = YES;
				CLANG_WARN_DIRECT_OBJC_ISA_USAGE = YES_ERROR;
				CLANG_WARN_DOCUMENTATION_COMMENTS = YES;
				CLANG_WARN_EMPTY_BODY = YES;
				CLANG_WARN_ENUM_CONVERSION = YES;
				CLANG_WARN_INFINITE_RECURSION = YES;
				CLANG_WARN_INT_CONVERSION = YES;
				CLANG_WARN_NON_LITERAL_NULL_CONVERSION = YES;
				CLANG_WARN_OBJC_IMPLICIT_RETAIN_SELF = YES;
				CLANG_WARN_OBJC_LITERAL_CONVERSION = YES;
				CLANG_WARN_OBJC_ROOT_CLASS = YES_ERROR;
				CLANG_WARN_QUOTED_INCLUDE_IN_FRAMEWORK_HEADER = YES;
				CLANG_WARN_RANGE_LOOP_ANALYSIS = YES;
				CLANG_WARN_STRICT_PROTOTYPES = YES;
				CLANG_WARN_SUSPICIOUS_MOVE = YES;
				CLANG_WARN_UNGUARDED_AVAILABILITY = YES_AGGRESSIVE;
				CLANG_WARN_UNREACHABLE_CODE = YES;
				CLANG_WARN__DUPLICATE_METHOD_MATCH = YES;
				COPY_PHASE_STRIP = NO;
				DEBUG_INFORMATION_FORMAT = dwarf;
				ENABLE_STRICT_OBJC_MSGSEND = YES;
				ENABLE_TESTABILITY = YES;
				ENABLE_USER_SCRIPT_SANDBOXING = YES;
				GCC_C_LANGUAGE_STANDARD = gnu17;
				GCC_DYNAMIC_NO_PIC = NO;
				GCC_NO_COMMON_BLOCKS = YES;
				GCC_OPTIMIZATION_LEVEL = 0;
				GCC_PREPROCESSOR_DEFINITIONS = (
					"DEBUG=1",
					"$(inherited)",
				);
				GCC_WARN_64_TO_32_BIT_CONVERSION = YES;
				GCC_WARN_ABOUT_RETURN_TYPE = YES_ERROR;
				GCC_WARN_UNDECLARED_SELECTOR = YES;
				GCC_WARN_UNINITIALIZED_AUTOS = YES_AGGRESSIVE;
				GCC_WARN_UNUSED_FUNCTION = YES;
				GCC_WARN_UNUSED_VARIABLE = YES;
				IPHONEOS_DEPLOYMENT_TARGET = 17.2;
				LOCALIZATION_PREFERS_STRING_CATALOGS = YES;
				MTL_ENABLE_DEBUG_INFO = INCLUDE_SOURCE;
				MTL_FAST_MATH = YES;
				ONLY_ACTIVE_ARCH = YES;
				SDKROOT = iphoneos;
				SWIFT_ACTIVE_COMPILATION_CONDITIONS = "DEBUG $(inherited)";
				SWIFT_OPTIMIZATION_LEVEL = "-Onone";
			};
			name = Debug;
		};
		244D50812BC4D17C003E5CBA /* Release */ = {
			isa = XCBuildConfiguration;
			buildSettings = {
				ALWAYS_SEARCH_USER_PATHS = NO;
				ASSETCATALOG_COMPILER_GENERATE_SWIFT_ASSET_SYMBOL_EXTENSIONS = YES;
				CLANG_ANALYZER_NONNULL = YES;
				CLANG_ANALYZER_NUMBER_OBJECT_CONVERSION = YES_AGGRESSIVE;
				CLANG_CXX_LANGUAGE_STANDARD = "gnu++20";
				CLANG_ENABLE_MODULES = YES;
				CLANG_ENABLE_OBJC_ARC = YES;
				CLANG_ENABLE_OBJC_WEAK = YES;
				CLANG_WARN_BLOCK_CAPTURE_AUTORELEASING = YES;
				CLANG_WARN_BOOL_CONVERSION = YES;
				CLANG_WARN_COMMA = YES;
				CLANG_WARN_CONSTANT_CONVERSION = YES;
				CLANG_WARN_DEPRECATED_OBJC_IMPLEMENTATIONS = YES;
				CLANG_WARN_DIRECT_OBJC_ISA_USAGE = YES_ERROR;
				CLANG_WARN_DOCUMENTATION_COMMENTS = YES;
				CLANG_WARN_EMPTY_BODY = YES;
				CLANG_WARN_ENUM_CONVERSION = YES;
				CLANG_WARN_INFINITE_RECURSION = YES;
				CLANG_WARN_INT_CONVERSION = YES;
				CLANG_WARN_NON_LITERAL_NULL_CONVERSION = YES;
				CLANG_WARN_OBJC_IMPLICIT_RETAIN_SELF = YES;
				CLANG_WARN_OBJC_LITERAL_CONVERSION = YES;
				CLANG_WARN_OBJC_ROOT_CLASS = YES_ERROR;
				CLANG_WARN_QUOTED_INCLUDE_IN_FRAMEWORK_HEADER = YES;
				CLANG_WARN_RANGE_LOOP_ANALYSIS = YES;
				CLANG_WARN_STRICT_PROTOTYPES = YES;
				CLANG_WARN_SUSPICIOUS_MOVE = YES;
				CLANG_WARN_UNGUARDED_AVAILABILITY = YES_AGGRESSIVE;
				CLANG_WARN_UNREACHABLE_CODE = YES;
				CLANG_WARN__DUPLICATE_METHOD_MATCH = YES;
				COPY_PHASE_STRIP = NO;
				DEBUG_INFORMATION_FORMAT = "dwarf-with-dsym";
				ENABLE_NS_ASSERTIONS = NO;
				ENABLE_STRICT_OBJC_MSGSEND = YES;
				ENABLE_USER_SCRIPT_SANDBOXING = YES;
				GCC_C_LANGUAGE_STANDARD = gnu17;
				GCC_NO_COMMON_BLOCKS = YES;
				GCC_WARN_64_TO_32_BIT_CONVERSION = YES;
				GCC_WARN_ABOUT_RETURN_TYPE = YES_ERROR;
				GCC_WARN_UNDECLARED_SELECTOR = YES;
				GCC_WARN_UNINITIALIZED_AUTOS = YES_AGGRESSIVE;
				GCC_WARN_UNUSED_FUNCTION = YES;
				GCC_WARN_UNUSED_VARIABLE = YES;
				IPHONEOS_DEPLOYMENT_TARGET = 17.2;
				LOCALIZATION_PREFERS_STRING_CATALOGS = YES;
				MTL_ENABLE_DEBUG_INFO = NO;
				MTL_FAST_MATH = YES;
				SDKROOT = iphoneos;
				SWIFT_COMPILATION_MODE = wholemodule;
				VALIDATE_PRODUCT = YES;
			};
			name = Release;
		};
		244D50832BC4D17C003E5CBA /* Debug */ = {
			isa = XCBuildConfiguration;
			buildSettings = {
				ALWAYS_EMBED_SWIFT_STANDARD_LIBRARIES = YES;
				ASSETCATALOG_COMPILER_APPICON_NAME = AppIcon;
				ASSETCATALOG_COMPILER_GLOBAL_ACCENT_COLOR_NAME = AccentColor;
				CODE_SIGN_STYLE = Automatic;
				CURRENT_PROJECT_VERSION = 1;
				DEVELOPMENT_ASSET_PATHS = "\"DontSnooze/Preview Content\"";
				DEVELOPMENT_TEAM = 3ZSY9E5XKM;
				ENABLE_PREVIEWS = YES;
				GENERATE_INFOPLIST_FILE = YES;
				INFOPLIST_FILE = DontSnooze/Info.plist;
				INFOPLIST_KEY_UIApplicationSceneManifest_Generation = YES;
				INFOPLIST_KEY_UIApplicationSupportsIndirectInputEvents = YES;
				INFOPLIST_KEY_UILaunchScreen_Generation = YES;
				INFOPLIST_KEY_UISupportedInterfaceOrientations_iPad = "UIInterfaceOrientationPortrait UIInterfaceOrientationPortraitUpsideDown UIInterfaceOrientationLandscapeLeft UIInterfaceOrientationLandscapeRight";
				INFOPLIST_KEY_UISupportedInterfaceOrientations_iPhone = "UIInterfaceOrientationPortrait UIInterfaceOrientationLandscapeLeft UIInterfaceOrientationLandscapeRight";
				LD_RUNPATH_SEARCH_PATHS = (
					"$(inherited)",
					"@executable_path/Frameworks",
				);
				MARKETING_VERSION = 1.0;
				PRODUCT_BUNDLE_IDENTIFIER = com.joshdavis.DontSnooze;
				PRODUCT_NAME = "$(TARGET_NAME)";
				SWIFT_EMIT_LOC_STRINGS = YES;
				SWIFT_VERSION = 5.0;
				TARGETED_DEVICE_FAMILY = "1,2";
			};
			name = Debug;
		};
		244D50842BC4D17C003E5CBA /* Release */ = {
			isa = XCBuildConfiguration;
			buildSettings = {
				ALWAYS_EMBED_SWIFT_STANDARD_LIBRARIES = YES;
				ASSETCATALOG_COMPILER_APPICON_NAME = AppIcon;
				ASSETCATALOG_COMPILER_GLOBAL_ACCENT_COLOR_NAME = AccentColor;
				CODE_SIGN_STYLE = Automatic;
				CURRENT_PROJECT_VERSION = 1;
				DEVELOPMENT_ASSET_PATHS = "\"DontSnooze/Preview Content\"";
				DEVELOPMENT_TEAM = 3ZSY9E5XKM;
				ENABLE_PREVIEWS = YES;
				GENERATE_INFOPLIST_FILE = YES;
				INFOPLIST_FILE = DontSnooze/Info.plist;
				INFOPLIST_KEY_UIApplicationSceneManifest_Generation = YES;
				INFOPLIST_KEY_UIApplicationSupportsIndirectInputEvents = YES;
				INFOPLIST_KEY_UILaunchScreen_Generation = YES;
				INFOPLIST_KEY_UISupportedInterfaceOrientations_iPad = "UIInterfaceOrientationPortrait UIInterfaceOrientationPortraitUpsideDown UIInterfaceOrientationLandscapeLeft UIInterfaceOrientationLandscapeRight";
				INFOPLIST_KEY_UISupportedInterfaceOrientations_iPhone = "UIInterfaceOrientationPortrait UIInterfaceOrientationLandscapeLeft UIInterfaceOrientationLandscapeRight";
				LD_RUNPATH_SEARCH_PATHS = (
					"$(inherited)",
					"@executable_path/Frameworks",
				);
				MARKETING_VERSION = 1.0;
				PRODUCT_BUNDLE_IDENTIFIER = com.joshdavis.DontSnooze;
				PRODUCT_NAME = "$(TARGET_NAME)";
				SWIFT_EMIT_LOC_STRINGS = YES;
				SWIFT_VERSION = 5.0;
				TARGETED_DEVICE_FAMILY = "1,2";
			};
			name = Release;
		};
		244D50AF2BC4D728003E5CBA /* Debug */ = {
			isa = XCBuildConfiguration;
			buildSettings = {
				ASSETCATALOG_COMPILER_APPICON_NAME = AppIcon;
				ASSETCATALOG_COMPILER_GLOBAL_ACCENT_COLOR_NAME = AccentColor;
				CODE_SIGN_STYLE = Automatic;
				CURRENT_PROJECT_VERSION = 1;
				DEVELOPMENT_ASSET_PATHS = "\"DontSnoozeWatch Watch App/Preview Content\"";
				DEVELOPMENT_TEAM = 3ZSY9E5XKM;
				ENABLE_PREVIEWS = YES;
				GENERATE_INFOPLIST_FILE = YES;
				INFOPLIST_FILE = "DontSnoozeWatch-Watch-App-Info.plist";
				INFOPLIST_KEY_CFBundleDisplayName = DontSnoozeWatch;
				INFOPLIST_KEY_UISupportedInterfaceOrientations = "UIInterfaceOrientationPortrait UIInterfaceOrientationPortraitUpsideDown";
				INFOPLIST_KEY_WKCompanionAppBundleIdentifier = com.joshdavis.DontSnooze;
				LD_RUNPATH_SEARCH_PATHS = (
					"$(inherited)",
					"@executable_path/Frameworks",
				);
				MARKETING_VERSION = 1.0;
				PRODUCT_BUNDLE_IDENTIFIER = com.joshdavis.DontSnooze.watchkitapp;
				PRODUCT_NAME = "$(TARGET_NAME)";
				SDKROOT = watchos;
				SKIP_INSTALL = YES;
				SWIFT_EMIT_LOC_STRINGS = YES;
				SWIFT_VERSION = 5.0;
				TARGETED_DEVICE_FAMILY = 4;
				WATCHOS_DEPLOYMENT_TARGET = 10.2;
			};
			name = Debug;
		};
		244D50B02BC4D728003E5CBA /* Release */ = {
			isa = XCBuildConfiguration;
			buildSettings = {
				ASSETCATALOG_COMPILER_APPICON_NAME = AppIcon;
				ASSETCATALOG_COMPILER_GLOBAL_ACCENT_COLOR_NAME = AccentColor;
				CODE_SIGN_STYLE = Automatic;
				CURRENT_PROJECT_VERSION = 1;
				DEVELOPMENT_ASSET_PATHS = "\"DontSnoozeWatch Watch App/Preview Content\"";
				DEVELOPMENT_TEAM = 3ZSY9E5XKM;
				ENABLE_PREVIEWS = YES;
				GENERATE_INFOPLIST_FILE = YES;
				INFOPLIST_FILE = "DontSnoozeWatch-Watch-App-Info.plist";
				INFOPLIST_KEY_CFBundleDisplayName = DontSnoozeWatch;
				INFOPLIST_KEY_UISupportedInterfaceOrientations = "UIInterfaceOrientationPortrait UIInterfaceOrientationPortraitUpsideDown";
				INFOPLIST_KEY_WKCompanionAppBundleIdentifier = com.joshdavis.DontSnooze;
				LD_RUNPATH_SEARCH_PATHS = (
					"$(inherited)",
					"@executable_path/Frameworks",
				);
				MARKETING_VERSION = 1.0;
				PRODUCT_BUNDLE_IDENTIFIER = com.joshdavis.DontSnooze.watchkitapp;
				PRODUCT_NAME = "$(TARGET_NAME)";
				SDKROOT = watchos;
				SKIP_INSTALL = YES;
				SWIFT_EMIT_LOC_STRINGS = YES;
				SWIFT_VERSION = 5.0;
				TARGETED_DEVICE_FAMILY = 4;
				WATCHOS_DEPLOYMENT_TARGET = 10.2;
			};
			name = Release;
		};
/* End XCBuildConfiguration section */

/* Begin XCConfigurationList section */
		244D506F2BC4D17B003E5CBA /* Build configuration list for PBXProject "DontSnooze" */ = {
			isa = XCConfigurationList;
			buildConfigurations = (
				244D50802BC4D17C003E5CBA /* Debug */,
				244D50812BC4D17C003E5CBA /* Release */,
			);
			defaultConfigurationIsVisible = 0;
			defaultConfigurationName = Release;
		};
		244D50822BC4D17C003E5CBA /* Build configuration list for PBXNativeTarget "DontSnooze" */ = {
			isa = XCConfigurationList;
			buildConfigurations = (
				244D50832BC4D17C003E5CBA /* Debug */,
				244D50842BC4D17C003E5CBA /* Release */,
			);
			defaultConfigurationIsVisible = 0;
			defaultConfigurationName = Release;
		};
		244D50B12BC4D728003E5CBA /* Build configuration list for PBXNativeTarget "DontSnoozeWatch Watch App" */ = {
			isa = XCConfigurationList;
			buildConfigurations = (
				244D50AF2BC4D728003E5CBA /* Debug */,
				244D50B02BC4D728003E5CBA /* Release */,
			);
			defaultConfigurationIsVisible = 0;
			defaultConfigurationName = Release;
		};
/* End XCConfigurationList section */
	};
	rootObject = 244D506C2BC4D17B003E5CBA /* Project object */;
}
